<?xml version="1.0" encoding="utf-8"?>
<Project ToolsVersion="4.0" xmlns="http://schemas.microsoft.com/developer/msbuild/2003">
  <ItemGroup>
    <Filter Include="Source Files">
      <UniqueIdentifier>{4FC737F1-C7A5-4376-A066-2A32D752A2FF}</UniqueIdentifier>
      <Extensions>cpp;c;cc;cxx;def;odl;idl;hpj;bat;asm;asmx</Extensions>
    </Filter>
    <Filter Include="Header Files">
      <UniqueIdentifier>{93995380-89BD-4b04-88EB-625FBE52EBFB}</UniqueIdentifier>
      <Extensions>h;hh;hpp;hxx;hm;inl;inc;xsd</Extensions>
    </Filter>
    <Filter Include="Resource Files">
      <UniqueIdentifier>{67DA6AB6-F800-4c08-8B7A-83BB121AAD01}</UniqueIdentifier>
      <Extensions>rc;ico;cur;bmp;dlg;rc2;rct;bin;rgs;gif;jpg;jpeg;jpe;resx;tiff;tif;png;wav;mfcribbon-ms</Extensions>
    </Filter>
  </ItemGroup>
  <ItemGroup>
    <None Include="Bnb_DeviceInfo_Test.ino" />
  </ItemGroup>
  <ItemGroup>
    <ClInclude Include="__vm\.Bnb_DeviceInfo_Test.vsarduino.h">
      <Filter>Header Files</Filter>
    </ClInclude>
    <ClInclude Include="Bnb_DeviceInfo.h">
      <Filter>Header Files</Filter>
    </ClInclude>
    <ClInclude Include="sensorType.h">
      <Filter>Header Files</Filter>
    </ClInclude>
    <ClInclude Include="Bnb_DHT11_Sensor.h">
      <Filter>Header Files</Filter>
    </ClInclude>
    <ClInclude Include="BnbPubSubClient.h">
      <Filter>Header Files</Filter>
    </ClInclude>
    <ClInclude Include="BNB_ArduinoJson.h">
      <Filter>Header Files</Filter>
    </ClInclude>
    <ClInclude Include="Bnb_SoilMoisture_Sensor.h">
      <Filter>Header Files</Filter>
    </ClInclude>
    <ClInclude Include="Bnb_Analog_Sensor.h">
      <Filter>Header Files</Filter>
    </ClInclude>
    <ClInclude Include="Bnb_Digital_Sensor.h">
      <Filter>Header Files</Filter>
    </ClInclude>
    <ClInclude Include="Bnb_DoorDigital_Sensor.h">
      <Filter>Header Files</Filter>
    </ClInclude>
    <ClInclude Include="Bnb_MotionDigital_Sensor.h">
      <Filter>Header Files</Filter>
    </ClInclude>
    <ClInclude Include="Bnb_Sensor.h">
      <Filter>Header Files</Filter>
    </ClInclude>
    <ClInclude Include="Bnb_SensorFactory.h">
      <Filter>Header Files</Filter>
    </ClInclude>
    <ClInclude Include="Bnb_Sensors.h">
      <Filter>Header Files</Filter>
    </ClInclude>
    <ClInclude Include="Bnb_PhotoResistor_Sensor.h">
      <Filter>Header Files</Filter>
    </ClInclude>
    <ClInclude Include="Bnb_Flame_Sensor.h">
      <Filter>Header Files</Filter>
    </ClInclude>
    <ClInclude Include="Bnb_Gas_Sensor.h">
      <Filter>Header Files</Filter>
    </ClInclude>
    <ClInclude Include="Bnb_Sound_Sensor.h">
      <Filter>Header Files</Filter>
    </ClInclude>
    <ClInclude Include="Bnb_Null_Sensor.h">
      <Filter>Header Files</Filter>
    </ClInclude>
  </ItemGroup>
  <ItemGroup>
    <ClCompile Include="Bnb_DeviceInfo.cpp">
      <Filter>Source Files</Filter>
    </ClCompile>
    <ClCompile Include="Bnb_DHT11_Sensor.cpp">
      <Filter>Source Files</Filter>
    </ClCompile>
    <ClCompile Include="BnbPubSubClient.cpp">
      <Filter>Source Files</Filter>
    </ClCompile>
    <ClCompile Include="BNB_ArduinoJson.cpp">
      <Filter>Source Files</Filter>
    </ClCompile>
    <ClCompile Include="Bnb_SoilMoisture_Sensor.cpp">
      <Filter>Source Files</Filter>
    </ClCompile>
    <ClCompile Include="Bnb_Analog_Sensor.cpp">
      <Filter>Source Files</Filter>
    </ClCompile>
    <ClCompile Include="Bnb_Digital_Sensor.cpp">
      <Filter>Source Files</Filter>
    </ClCompile>
    <ClCompile Include="Bnb_DoorDigital_Sensor.cpp">
      <Filter>Source Files</Filter>
    </ClCompile>
    <ClCompile Include="Bnb_MotionDigital_Sensor.cpp">
      <Filter>Source Files</Filter>
    </ClCompile>
    <ClCompile Include="Bnb_Sensor.cpp">
      <Filter>Source Files</Filter>
    </ClCompile>
    <ClCompile Include="Bnb_SensorFactory.cpp">
      <Filter>Source Files</Filter>
    </ClCompile>
    <ClCompile Include="Bnb_PhotoResistor_Sensor.cpp">
      <Filter>Source Files</Filter>
    </ClCompile>
    <ClCompile Include="Bnb_Flame_Sensor.cpp">
      <Filter>Source Files</Filter>
    </ClCompile>
    <ClCompile Include="Bnb_Gas_Sensor.cpp">
      <Filter>Source Files</Filter>
    </ClCompile>
    <ClCompile Include="Bnb_Sound_Sensor.cpp">
      <Filter>Source Files</Filter>
    </ClCompile>
    <ClCompile Include="Bnb_Null_Sensor.cpp">
      <Filter>Source Files</Filter>
    </ClCompile>
  </ItemGroup>
</Project>